
Microsoft Visual Studio Solution File, Format Version 11.00
# Visual Studio 2010
# SharpDevelop 5.1
Project("{FAE04EC0-301F-11D3-BF4B-00C04F79EFBC}") = "RustServerManager", "RustServerManager\RustServerManager.csproj", "{AB97B251-EDBB-4781-A677-ADF420E8CFFA}"
EndProject
Global
	GlobalSection(SolutionConfigurationPlatforms) = preSolution
		Debug|Any CPU = Debug|Any CPU
		Release|Any CPU = Release|Any CPU
	EndGlobalSection
	GlobalSection(ProjectConfigurationPlatforms) = postSolution
		{AB97B251-EDBB-4781-A677-ADF420E8CFFA}.Debug|Any CPU.ActiveCfg = Debug|Any CPU
		{AB97B251-EDBB-4781-A677-ADF420E8CFFA}.Debug|Any CPU.Build.0 = Debug|Any CPU
		{AB97B251-EDBB-4781-A677-ADF420E8CFFA}.Release|Any CPU.ActiveCfg = Release|Any CPU
		{AB97B251-EDBB-4781-A677-ADF420E8CFFA}.Release|Any CPU.Build.0 = Release|Any CPU
	EndGlobalSection
EndGlobal
